
Microsoft Visual Studio Solution File, Format Version 12.00
# Visual Studio Version 17
VisualStudioVersion = 17.1.32414.318
MinimumVisualStudioVersion = 10.0.40219.1
Project("{FAE04EC0-301F-11D3-BF4B-00C04F79EFBC}") = "ejercicioOcho", "ejercicioOcho\ejercicioOcho.csproj", "{88ACA9B4-D96C-4F37-B1C0-0F4196C2F4EE}"
EndProject
Global
	GlobalSection(SolutionConfigurationPlatforms) = preSolution
		Debug|Any CPU = Debug|Any CPU
		Release|Any CPU = Release|Any CPU
	EndGlobalSection
	GlobalSection(ProjectConfigurationPlatforms) = postSolution
		{88ACA9B4-D96C-4F37-B1C0-0F4196C2F4EE}.Debug|Any CPU.ActiveCfg = Debug|Any CPU
		{88ACA9B4-D96C-4F37-B1C0-0F4196C2F4EE}.Debug|Any CPU.Build.0 = Debug|Any CPU
		{88ACA9B4-D96C-4F37-B1C0-0F4196C2F4EE}.Release|Any CPU.ActiveCfg = Release|Any CPU
		{88ACA9B4-D96C-4F37-B1C0-0F4196C2F4EE}.Release|Any CPU.Build.0 = Release|Any CPU
	EndGlobalSection
	GlobalSection(SolutionProperties) = preSolution
		HideSolutionNode = FALSE
	EndGlobalSection
	GlobalSection(ExtensibilityGlobals) = postSolution
		SolutionGuid = {2139B38C-5C87-42D0-8528-B5B8E464855D}
	EndGlobalSection
EndGlobal
